
Microsoft Visual Studio Solution File, Format Version 11.00
# Visual Studio 2010
Project("{FAE04EC0-301F-11D3-BF4B-00C04F79EFBC}") = "Datos.Model", "Datos.Model\Datos.Model.csproj", "{1FBF7814-A10E-4DC7-8C9A-59CE7FBB9748}"
EndProject
Project("{FAE04EC0-301F-11D3-BF4B-00C04F79EFBC}") = "Datos.Test", "Datos.Test\Datos.Test.csproj", "{7EBE34FF-6390-477C-953D-73459587DF57}"
EndProject
Global
	GlobalSection(SolutionConfigurationPlatforms) = preSolution
		Debug|Any CPU = Debug|Any CPU
		Release|Any CPU = Release|Any CPU
	EndGlobalSection
	GlobalSection(ProjectConfigurationPlatforms) = postSolution
		{1FBF7814-A10E-4DC7-8C9A-59CE7FBB9748}.Debug|Any CPU.ActiveCfg = Debug|Any CPU
		{1FBF7814-A10E-4DC7-8C9A-59CE7FBB9748}.Debug|Any CPU.Build.0 = Debug|Any CPU
		{1FBF7814-A10E-4DC7-8C9A-59CE7FBB9748}.Release|Any CPU.ActiveCfg = Release|Any CPU
		{1FBF7814-A10E-4DC7-8C9A-59CE7FBB9748}.Release|Any CPU.Build.0 = Release|Any CPU
		{7EBE34FF-6390-477C-953D-73459587DF57}.Debug|Any CPU.ActiveCfg = Debug|Any CPU
		{7EBE34FF-6390-477C-953D-73459587DF57}.Debug|Any CPU.Build.0 = Debug|Any CPU
		{7EBE34FF-6390-477C-953D-73459587DF57}.Release|Any CPU.ActiveCfg = Release|Any CPU
		{7EBE34FF-6390-477C-953D-73459587DF57}.Release|Any CPU.Build.0 = Release|Any CPU
	EndGlobalSection
	GlobalSection(SolutionProperties) = preSolution
		HideSolutionNode = FALSE
	EndGlobalSection
EndGlobal
